{
  "name": "website",
  "lockfileVersion": 3,
  "requires": true,
  "packages": {
    "": {
      "dependencies": {
        "fullcalendar": "^6.1.13"
      }
    },
    "node_modules/@fullcalendar/core": {
      "version": "6.1.13",
      "resolved": "https://registry.npmjs.org/@fullcalendar/core/-/core-6.1.13.tgz",
      "integrity": "sha512-Cps/hMQan4kwnsBhFf2+m2mijbGoWs6r18ZzxBnAAOkkNHtPmHU8EdR6lF+ZLsiVvb7nsC4H/ZKqnxXWwgpoPw==",
      "license": "MIT",
      "dependencies": {
        "preact": "~10.12.1"
      }
    },
    "node_modules/@fullcalendar/daygrid": {
      "version": "6.1.13",
      "resolved": "https://registry.npmjs.org/@fullcalendar/daygrid/-/daygrid-6.1.13.tgz",
      "integrity": "sha512-0I0hL1kgGjkZuc7Qt8mu4jjrqIL5PZzd58bEpTxoXRKI5UBZ9KbshGVMryQSXYANlrRtkPnXVt90VIDrxZbDrA==",
      "license": "MIT",
      "peerDependencies": {
        "@fullcalendar/core": "~6.1.13"
      }
    },
    "node_modules/@fullcalendar/interaction": {
      "version": "6.1.13",
      "resolved": "https://registry.npmjs.org/@fullcalendar/interaction/-/interaction-6.1.13.tgz",
      "integrity": "sha512-r1w+jqCRGZZyxKFquueDSFvbsFhJLhc1BX8Nlyz684lYxS1SiToYJW9Q8X/XkySCzpjO3KOnxEp2jVOn1Usyjg==",
      "license": "MIT",
      "peerDependencies": {
        "@fullcalendar/core": "~6.1.13"
      }
    },
    "node_modules/@fullcalendar/list": {
      "version": "6.1.13",
      "resolved": "https://registry.npmjs.org/@fullcalendar/list/-/list-6.1.13.tgz",
      "integrity": "sha512-bPW4EsgGNwDZh91NtD+q4hqGfS6jEvCXQo7+MNy4JLMwFtdenEURRrzsb6CW3l97L3Vp0E2mSqiXaNESOmXEcQ==",
      "license": "MIT",
      "peerDependencies": {
        "@fullcalendar/core": "~6.1.13"
      }
    },
    "node_modules/@fullcalendar/multimonth": {
      "version": "6.1.13",
      "resolved": "https://registry.npmjs.org/@fullcalendar/multimonth/-/multimonth-6.1.13.tgz",
      "integrity": "sha512-fn0BaLaMNkLmFzxijGZXYcO/fHQkuCcQV1R44mnu/01V4uSnFM1KPt2+V+6SgNiW1+ZNkUBHkkSLST1XdZjodw==",
      "license": "MIT",
      "dependencies": {
        "@fullcalendar/daygrid": "~6.1.13"
      },
      "peerDependencies": {
        "@fullcalendar/core": "~6.1.13"
      }
    },
    "node_modules/@fullcalendar/timegrid": {
      "version": "6.1.13",
      "resolved": "https://registry.npmjs.org/@fullcalendar/timegrid/-/timegrid-6.1.13.tgz",
      "integrity": "sha512-8Ub2mSV+6Mh8WWDKuyCYbj5PKYpmyjSctpJ/21fDBJduE9QFS0WfG9CZZxSJT7CT+srnyk4mX2/5gYN9gYZjUg==",
      "license": "MIT",
      "dependencies": {
        "@fullcalendar/daygrid": "~6.1.13"
      },
      "peerDependencies": {
        "@fullcalendar/core": "~6.1.13"
      }
    },
    "node_modules/fullcalendar": {
      "version": "6.1.13",
      "resolved": "https://registry.npmjs.org/fullcalendar/-/fullcalendar-6.1.13.tgz",
      "integrity": "sha512-m/9OX3reJY0SIa5ca0kQ3i6Z8zNTDLduQWPbBmkcs3A/SlS1wUqLdDVUs6LYgh/3NiEmSUVlm6OufXDSnUHNwg==",
      "license": "MIT",
      "dependencies": {
        "@fullcalendar/core": "~6.1.13",
        "@fullcalendar/daygrid": "~6.1.13",
        "@fullcalendar/interaction": "~6.1.13",
        "@fullcalendar/list": "~6.1.13",
        "@fullcalendar/multimonth": "~6.1.13",
        "@fullcalendar/timegrid": "~6.1.13"
      }
    },
    "node_modules/preact": {
      "version": "10.12.1",
      "resolved": "https://registry.npmjs.org/preact/-/preact-10.12.1.tgz",
      "integrity": "sha512-l8386ixSsBdbreOAkqtrwqHwdvR35ID8c3rKPa8lCWuO86dBi32QWHV4vfsZK1utLLFMvw+Z5Ad4XLkZzchscg==",
      "license": "MIT",
      "funding": {
        "type": "opencollective",
        "url": "https://opencollective.com/preact"
      }
    }
  }
}
